name: Update flake.lock

on:
  schedule:
    - cron: "0 3 * * 0"
  workflow_dispatch:

permissions:
  contents: read

jobs:
  update-flake-lock:
    runs-on: ubuntu-latest
    permissions:
      contents: write
      pull-requests: write
    steps:
      - uses: actions/checkout@9c091bb21b7c1c1d1991bb908d89e4e9dddfe3e0 # v7.0.0
      - uses: DeterminateSystems/determinate-nix-action@c70cb8ae92d68c66953db28a26a63db1665bc837 # v3.21.5
      - uses: DeterminateSystems/update-flake-lock@834c491b2ece4de0bbd00d85214bb5e83b4da5c6 # v28
        with:
          pr-title: "chore(deps): update flake.lock"
          pr-labels: |
            dependencies
            automated
